
Microsoft Visual Studio Solution File, Format Version 12.00
# Visual Studio Version 16
VisualStudioVersion = 16.0.29306.81
MinimumVisualStudioVersion = 10.0.40219.1
Project("{FAE04EC0-301F-11D3-BF4B-00C04F79EFBC}") = "EFClassic.Demo.Net45", "EFClassic.Demo.Net45\EFClassic.Demo.Net45.csproj", "{F01157F3-5660-4B71-B03A-B4A40C859C34}"
EndProject
Project("{9A19103F-16F7-4668-BE54-9A1E7A4F7556}") = "EFClassic.Demo.NetCore", "EFClassic.Demo.NetCore\EFClassic.Demo.NetCore.csproj", "{BD21527B-ED20-441F-939A-48E3B644B789}"
EndProject
Project("{9A19103F-16F7-4668-BE54-9A1E7A4F7556}") = "EFClassic.Demo.WebCore", "EFClassic.Demo.WebCore\EFClassic.Demo.WebCore.csproj", "{F1377D0E-9235-4731-A32A-BD7A03BF5611}"
EndProject
Global
	GlobalSection(SolutionConfigurationPlatforms) = preSolution
		Debug|Any CPU = Debug|Any CPU
		Release|Any CPU = Release|Any CPU
	EndGlobalSection
	GlobalSection(ProjectConfigurationPlatforms) = postSolution
		{F01157F3-5660-4B71-B03A-B4A40C859C34}.Debug|Any CPU.ActiveCfg = Debug|Any CPU
		{F01157F3-5660-4B71-B03A-B4A40C859C34}.Debug|Any CPU.Build.0 = Debug|Any CPU
		{F01157F3-5660-4B71-B03A-B4A40C859C34}.Release|Any CPU.ActiveCfg = Release|Any CPU
		{F01157F3-5660-4B71-B03A-B4A40C859C34}.Release|Any CPU.Build.0 = Release|Any CPU
		{BD21527B-ED20-441F-939A-48E3B644B789}.Debug|Any CPU.ActiveCfg = Debug|Any CPU
		{BD21527B-ED20-441F-939A-48E3B644B789}.Debug|Any CPU.Build.0 = Debug|Any CPU
		{BD21527B-ED20-441F-939A-48E3B644B789}.Release|Any CPU.ActiveCfg = Release|Any CPU
		{BD21527B-ED20-441F-939A-48E3B644B789}.Release|Any CPU.Build.0 = Release|Any CPU
		{F1377D0E-9235-4731-A32A-BD7A03BF5611}.Debug|Any CPU.ActiveCfg = Debug|Any CPU
		{F1377D0E-9235-4731-A32A-BD7A03BF5611}.Debug|Any CPU.Build.0 = Debug|Any CPU
		{F1377D0E-9235-4731-A32A-BD7A03BF5611}.Release|Any CPU.ActiveCfg = Release|Any CPU
		{F1377D0E-9235-4731-A32A-BD7A03BF5611}.Release|Any CPU.Build.0 = Release|Any CPU
	EndGlobalSection
	GlobalSection(SolutionProperties) = preSolution
		HideSolutionNode = FALSE
	EndGlobalSection
	GlobalSection(ExtensibilityGlobals) = postSolution
		SolutionGuid = {6040E5CB-B175-48A0-B362-CEEC3DF4C327}
	EndGlobalSection
EndGlobal
