
Microsoft Visual Studio Solution File, Format Version 12.00
# Visual Studio 15
VisualStudioVersion = 15.0.28307.136
MinimumVisualStudioVersion = 10.0.40219.1
Project("{FAE04EC0-301F-11D3-BF4B-00C04F79EFBC}") = "EFClassic.Demo.Net45", "EFClassic.Demo.Net45\EFClassic.Demo.Net45.csproj", "{F01157F3-5660-4B71-B03A-B4A40C859C34}"
EndProject
Project("{9A19103F-16F7-4668-BE54-9A1E7A4F7556}") = "EFClassic.Demo.NetCore", "EFClassic.Demo.NetCore\EFClassic.Demo.NetCore.csproj", "{BD21527B-ED20-441F-939A-48E3B644B789}"
EndProject
Project("{9A19103F-16F7-4668-BE54-9A1E7A4F7556}") = "EFClassic.Demo.WebCore", "EFClassic.Demo.WebCore\EFClassic.Demo.WebCore.csproj", "{F1377D0E-9235-4731-A32A-BD7A03BF5611}"
EndProject
Project("{FAE04EC0-301F-11D3-BF4B-00C04F79EFBC}") = "EFClassic.Demo.DatabaseFirst.Net45", "EFClassic.Demo.DatabaseFirst.Net45\EFClassic.Demo.DatabaseFirst.Net45.csproj", "{3F7D8CA6-74E2-406D-AD35-BDF6B9DF828B}"
EndProject
Project("{9A19103F-16F7-4668-BE54-9A1E7A4F7556}") = "EFClassic.Demo.DatabaseFirst.NetCore", "EFClassic.Demo.DatabaseFirst.NetCore\EFClassic.Demo.DatabaseFirst.NetCore.csproj", "{71BD7DC6-44EF-48EE-A21C-77665B124A03}"
EndProject
Project("{FAE04EC0-301F-11D3-BF4B-00C04F79EFBC}") = "EFClassic.Demo.DatabaseFirst.WebCore", "EFClassic.Demo.DatabaseFirst.WebCore\EFClassic.Demo.DatabaseFirst.WebCore.csproj", "{97D35475-0FF6-428B-B193-5CCFC3E6ACEF}"
EndProject
Global
	GlobalSection(SolutionConfigurationPlatforms) = preSolution
		Debug|Any CPU = Debug|Any CPU
		Release|Any CPU = Release|Any CPU
	EndGlobalSection
	GlobalSection(ProjectConfigurationPlatforms) = postSolution
		{F01157F3-5660-4B71-B03A-B4A40C859C34}.Debug|Any CPU.ActiveCfg = Debug|Any CPU
		{F01157F3-5660-4B71-B03A-B4A40C859C34}.Debug|Any CPU.Build.0 = Debug|Any CPU
		{F01157F3-5660-4B71-B03A-B4A40C859C34}.Release|Any CPU.ActiveCfg = Release|Any CPU
		{F01157F3-5660-4B71-B03A-B4A40C859C34}.Release|Any CPU.Build.0 = Release|Any CPU
		{BD21527B-ED20-441F-939A-48E3B644B789}.Debug|Any CPU.ActiveCfg = Debug|Any CPU
		{BD21527B-ED20-441F-939A-48E3B644B789}.Debug|Any CPU.Build.0 = Debug|Any CPU
		{BD21527B-ED20-441F-939A-48E3B644B789}.Release|Any CPU.ActiveCfg = Release|Any CPU
		{BD21527B-ED20-441F-939A-48E3B644B789}.Release|Any CPU.Build.0 = Release|Any CPU
		{F1377D0E-9235-4731-A32A-BD7A03BF5611}.Debug|Any CPU.ActiveCfg = Debug|Any CPU
		{F1377D0E-9235-4731-A32A-BD7A03BF5611}.Debug|Any CPU.Build.0 = Debug|Any CPU
		{F1377D0E-9235-4731-A32A-BD7A03BF5611}.Release|Any CPU.ActiveCfg = Release|Any CPU
		{F1377D0E-9235-4731-A32A-BD7A03BF5611}.Release|Any CPU.Build.0 = Release|Any CPU
		{3F7D8CA6-74E2-406D-AD35-BDF6B9DF828B}.Debug|Any CPU.ActiveCfg = Debug|Any CPU
		{3F7D8CA6-74E2-406D-AD35-BDF6B9DF828B}.Debug|Any CPU.Build.0 = Debug|Any CPU
		{3F7D8CA6-74E2-406D-AD35-BDF6B9DF828B}.Release|Any CPU.ActiveCfg = Release|Any CPU
		{3F7D8CA6-74E2-406D-AD35-BDF6B9DF828B}.Release|Any CPU.Build.0 = Release|Any CPU
		{71BD7DC6-44EF-48EE-A21C-77665B124A03}.Debug|Any CPU.ActiveCfg = Debug|Any CPU
		{71BD7DC6-44EF-48EE-A21C-77665B124A03}.Debug|Any CPU.Build.0 = Debug|Any CPU
		{71BD7DC6-44EF-48EE-A21C-77665B124A03}.Release|Any CPU.ActiveCfg = Release|Any CPU
		{71BD7DC6-44EF-48EE-A21C-77665B124A03}.Release|Any CPU.Build.0 = Release|Any CPU
		{97D35475-0FF6-428B-B193-5CCFC3E6ACEF}.Debug|Any CPU.ActiveCfg = Debug|Any CPU
		{97D35475-0FF6-428B-B193-5CCFC3E6ACEF}.Debug|Any CPU.Build.0 = Debug|Any CPU
		{97D35475-0FF6-428B-B193-5CCFC3E6ACEF}.Release|Any CPU.ActiveCfg = Release|Any CPU
		{97D35475-0FF6-428B-B193-5CCFC3E6ACEF}.Release|Any CPU.Build.0 = Release|Any CPU
	EndGlobalSection
	GlobalSection(SolutionProperties) = preSolution
		HideSolutionNode = FALSE
	EndGlobalSection
	GlobalSection(ExtensibilityGlobals) = postSolution
		SolutionGuid = {6040E5CB-B175-48A0-B362-CEEC3DF4C327}
	EndGlobalSection
EndGlobal
